version = 1
requires-python = ">=3.9.6"

[[package]]
name = "demo"
version = "0.1.0"
source = { virtual = "." }
dependencies = [
    { name = "robyn" },
]

[package.metadata]
requires-dist = [{ name = "robyn", specifier = ">=0.64.2" }]

[[package]]
name = "dill"
version = "0.3.9"
source = { registry = "https://pypi.org/simple" }
sdist = { url = "https://files.pythonhosted.org/packages/70/43/86fe3f9e130c4137b0f1b50784dd70a5087b911fe07fa81e53e0c4c47fea/dill-0.3.9.tar.gz", hash = "sha256:81aa267dddf68cbfe8029c42ca9ec6a4ab3b22371d1c450abc54422577b4512c", size = 187000 }
wheels = [
    { url = "https://files.pythonhosted.org/packages/46/d1/e73b6ad76f0b1fb7f23c35c6d95dbc506a9c8804f43dda8cb5b0fa6331fd/dill-0.3.9-py3-none-any.whl", hash = "sha256:468dff3b89520b474c0397703366b7b95eebe6303f108adf9b19da1f702be87a", size = 119418 },
]

[[package]]
name = "inquirerpy"
version = "0.3.4"
source = { registry = "https://pypi.org/simple" }
dependencies = [
    { name = "pfzy" },
    { name = "prompt-toolkit" },
]
sdist = { url = "https://files.pythonhosted.org/packages/64/73/7570847b9da026e07053da3bbe2ac7ea6cde6bb2cbd3c7a5a950fa0ae40b/InquirerPy-0.3.4.tar.gz", hash = "sha256:89d2ada0111f337483cb41ae31073108b2ec1e618a49d7110b0d7ade89fc197e", size = 44431 }
wheels = [
    { url = "https://files.pythonhosted.org/packages/ce/ff/3b59672c47c6284e8005b42e84ceba13864aa0f39f067c973d1af02f5d91/InquirerPy-0.3.4-py3-none-any.whl", hash = "sha256:c65fdfbac1fa00e3ee4fb10679f4d3ed7a012abf4833910e63c295827fe2a7d4", size = 67677 },
]

[[package]]
name = "multiprocess"
version = "0.70.14"
source = { registry = "https://pypi.org/simple" }
dependencies = [
    { name = "dill" },
]
sdist = { url = "https://files.pythonhosted.org/packages/e3/ab/9aafc121c6a3d2470ccdf28f99897e88d324c948893b30e46cb359f595e3/multiprocess-0.70.14.tar.gz", hash = "sha256:3eddafc12f2260d27ae03fe6069b12570ab4764ab59a75e81624fac453fbf46a", size = 1498053 }
wheels = [
    { url = "https://files.pythonhosted.org/packages/5b/28/02430c489398529a6dbe79c2af31a6e3872761541b58415b3896672e9999/multiprocess-0.70.14-pp39-pypy39_pp73-macosx_10_9_x86_64.whl", hash = "sha256:0d5da0fc84aacb0e4bd69c41b31edbf71b39fe2fb32a54eaedcaea241050855c", size = 133000 },
    { url = "https://files.pythonhosted.org/packages/8f/71/58e5b6f1c3f63701a228ba94ffe9af9609ee2616d1a180a635290eeead21/multiprocess-0.70.14-pp39-pypy39_pp73-manylinux_2_24_i686.whl", hash = "sha256:6a7b03a5b98e911a7785b9116805bd782815c5e2bd6c91c6a320f26fd3e7b7ad", size = 133002 },
    { url = "https://files.pythonhosted.org/packages/c8/c1/f645c98666bd416594b57e126391a19c537ffe9e95a4098f2ef0be5c5c12/multiprocess-0.70.14-pp39-pypy39_pp73-manylinux_2_24_x86_64.whl", hash = "sha256:cea5bdedd10aace3c660fedeac8b087136b4366d4ee49a30f1ebf7409bce00ae", size = 133005 },
    { url = "https://files.pythonhosted.org/packages/b8/0c/c26b346b41bb1f81ac921fa10074a9595c22e5f99cc89c0410fc4efd5df3/multiprocess-0.70.14-py310-none-any.whl", hash = "sha256:7dc1f2f6a1d34894c8a9a013fbc807971e336e7cc3f3ff233e61b9dc679b3b5c", size = 134316 },
    { url = "https://files.pythonhosted.org/packages/f1/00/c1b90843cb80e6a1911f480e92a92b1258efcdd32ed4fe87449703416fc4/multiprocess-0.70.14-py37-none-any.whl", hash = "sha256:93a8208ca0926d05cdbb5b9250a604c401bed677579e96c14da3090beb798193", size = 115684 },
    { url = "https://files.pythonhosted.org/packages/13/95/8b875a678c6f9db81809dd5d6032e9f8628426e37f6aa6b7d404ba582de1/multiprocess-0.70.14-py38-none-any.whl", hash = "sha256:6725bc79666bbd29a73ca148a0fb5f4ea22eed4a8f22fce58296492a02d18a7b", size = 132003 },
    { url = "https://files.pythonhosted.org/packages/6a/f4/fbeb03ef7abdda54db4a6a75c971b88ab73d724ff09e3275cc1e99f1c946/multiprocess-0.70.14-py39-none-any.whl", hash = "sha256:63cee628b74a2c0631ef15da5534c8aedbc10c38910b9c8b18dcd327528d1ec7", size = 132855 },
]

[[package]]
name = "nestd"
version = "0.3.1"
source = { registry = "https://pypi.org/simple" }
sdist = { url = "https://files.pythonhosted.org/packages/d7/a7/6d1889ef18b2656680ae8b1f2b76359fd557f8b13959d649f6dc35dd06b2/nestd-0.3.1.tar.gz", hash = "sha256:1b946d2bbc16df67ca169b8cb59794ec70b54d4a56a017e3d1c092d364d22a39", size = 3057 }
wheels = [
    { url = "https://files.pythonhosted.org/packages/9f/0a/d491a1c27f0fa99d71f247b01bd01de0a47128dd69dba3bf7989ee412515/nestd-0.3.1-py3-none-any.whl", hash = "sha256:9a27d65e0676477acf50f1dcadb15755eb85076983e5abaffc94b0f4e26eef62", size = 2814 },
]

[[package]]
name = "orjson"
version = "3.9.15"
source = { registry = "https://pypi.org/simple" }
sdist = { url = "https://files.pythonhosted.org/packages/6d/22/9709a4cb8606c04a9d70e9372b8d404a6b4c46668986ec76a6ecf184be62/orjson-3.9.15.tar.gz", hash = "sha256:95cae920959d772f30ab36d3b25f83bb0f3be671e986c72ce22f8fa700dae061", size = 4854933 }
wheels = [
    { url = "https://files.pythonhosted.org/packages/8e/6e/7fa23a55afc901fa3b33210660287dc73b46d6b77d05f53781a98930a7b1/orjson-3.9.15-cp310-cp310-macosx_10_15_x86_64.macosx_11_0_arm64.macosx_10_15_universal2.whl", hash = "sha256:d61f7ce4727a9fa7680cd6f3986b0e2c732639f46a5e0156e550e35258aa313a", size = 248587 },
    { url = "https://files.pythonhosted.org/packages/36/cb/a09d53eafb2ec9ebb25855e577767e737ab5179cf73bc5d3d8bf5e4119b4/orjson-3.9.15-cp310-cp310-manylinux_2_17_aarch64.manylinux2014_aarch64.whl", hash = "sha256:4feeb41882e8aa17634b589533baafdceb387e01e117b1ec65534ec724023d04", size = 144402 },
    { url = "https://files.pythonhosted.org/packages/49/02/75cc34741dc8bc3c9e5ec45bcc6b7b47c36133a95cd6cb58351c1220181b/orjson-3.9.15-cp310-cp310-manylinux_2_17_armv7l.manylinux2014_armv7l.whl", hash = "sha256:fbbeb3c9b2edb5fd044b2a070f127a0ac456ffd079cb82746fc84af01ef021a4", size = 132226 },
    { url = "https://files.pythonhosted.org/packages/57/eb/7ce3e9bb030893ae438a7ff93d54b55b4121d68457eece32053f8955971c/orjson-3.9.15-cp310-cp310-manylinux_2_17_ppc64le.manylinux2014_ppc64le.whl", hash = "sha256:b66bcc5670e8a6b78f0313bcb74774c8291f6f8aeef10fe70e910b8040f3ab75", size = 160588 },
    { url = "https://files.pythonhosted.org/packages/79/1f/a96100becff866f329dec20bf851cac626a2d18ada4da3fa1a16a347fbf8/orjson-3.9.15-cp310-cp310-manylinux_2_17_s390x.manylinux2014_s390x.whl", hash = "sha256:2973474811db7b35c30248d1129c64fd2bdf40d57d84beed2a9a379a6f57d0ab", size = 155111 },
    { url = "https://files.pythonhosted.org/packages/3f/22/8b8eba5adfcb5be89c85d74fc8e08b0913ebca264cfa7cbb3ffb7d1840c6/orjson-3.9.15-cp310-cp310-manylinux_2_17_x86_64.manylinux2014_x86_64.whl", hash = "sha256:9fe41b6f72f52d3da4db524c8653e46243c8c92df826ab5ffaece2dba9cccd58", size = 138527 },
    { url = "https://files.pythonhosted.org/packages/32/81/6cd4181a580ab8939c24ede65bbcf1a69053368a551998cb57e3e75ec232/orjson-3.9.15-cp310-cp310-musllinux_1_2_aarch64.whl", hash = "sha256:4228aace81781cc9d05a3ec3a6d2673a1ad0d8725b4e915f1089803e9efd2b99", size = 316922 },
    { url = "https://files.pythonhosted.org/packages/61/e3/5c0609a1839882b12bff43a075b0ea2f6927e77176633b93d3472f907511/orjson-3.9.15-cp310-cp310-musllinux_1_2_x86_64.whl", hash = "sha256:6f7b65bfaf69493c73423ce9db66cfe9138b2f9ef62897486417a8fcb0a92bfe", size = 310842 },
    { url = "https://files.pythonhosted.org/packages/b2/5c/44e7b640b63cff02a184ed3cc9f9ce390be60de8ed33db122413ef4d96e5/orjson-3.9.15-cp310-none-win32.whl", hash = "sha256:2d99e3c4c13a7b0fb3792cc04c2829c9db07838fb6973e578b85c1745e7d0ce7", size = 141662 },
    { url = "https://files.pythonhosted.org/packages/8f/6f/c6654219ad867ecebf85efbde6f6190634e9a6072246e63e2f7b60a1d717/orjson-3.9.15-cp310-none-win_amd64.whl", hash = "sha256:b725da33e6e58e4a5d27958568484aa766e825e93aa20c26c91168be58e08cbb", size = 136040 },
    { url = "https://files.pythonhosted.org/packages/bf/82/26a887226e5df7a592e5e6c25eff237a109dfdc123c787c543ac246ea685/orjson-3.9.15-cp311-cp311-macosx_10_15_x86_64.macosx_11_0_arm64.macosx_10_15_universal2.whl", hash = "sha256:c8e8fe01e435005d4421f183038fc70ca85d2c1e490f51fb972db92af6e047c2", size = 248585 },
    { url = "https://files.pythonhosted.org/packages/7c/ac/c4b0dcb62508f49f1a1d41ef9dd60a4e6124edd04a3221a29d2e876ddff6/orjson-3.9.15-cp311-cp311-manylinux_2_17_aarch64.manylinux2014_aarch64.whl", hash = "sha256:87f1097acb569dde17f246faa268759a71a2cb8c96dd392cd25c668b104cad2f", size = 144403 },
    { url = "https://files.pythonhosted.org/packages/a2/3e/4c0c77791fe8a6dc70f0422fa1a515022c15ba86092507c2e01fa7619835/orjson-3.9.15-cp311-cp311-manylinux_2_17_armv7l.manylinux2014_armv7l.whl", hash = "sha256:ff0f9913d82e1d1fadbd976424c316fbc4d9c525c81d047bbdd16bd27dd98cfc", size = 132228 },
    { url = "https://files.pythonhosted.org/packages/2c/77/7fdc0057e8a41acaccf7fecb80b2c67285b3f8154aa437f818d9d4075147/orjson-3.9.15-cp311-cp311-manylinux_2_17_ppc64le.manylinux2014_ppc64le.whl", hash = "sha256:8055ec598605b0077e29652ccfe9372247474375e0e3f5775c91d9434e12d6b1", size = 160586 },
    { url = "https://files.pythonhosted.org/packages/df/62/02148fe70586770fd2f7f6a6d6dfa0011782c7dbcb90e46b694cf586d285/orjson-3.9.15-cp311-cp311-manylinux_2_17_s390x.manylinux2014_s390x.whl", hash = "sha256:d6768a327ea1ba44c9114dba5fdda4a214bdb70129065cd0807eb5f010bfcbb5", size = 155126 },
    { url = "https://files.pythonhosted.org/packages/37/ee/22f74928f9df8d3d5a17fa61c7c5456ad854029b9390548bd28e9fcf79f2/orjson-3.9.15-cp311-cp311-manylinux_2_17_x86_64.manylinux2014_x86_64.whl", hash = "sha256:12365576039b1a5a47df01aadb353b68223da413e2e7f98c02403061aad34bde", size = 138527 },
    { url = "https://files.pythonhosted.org/packages/83/72/cf1bc409d0fbb95227c7facda421511aacafcfdd9375d82906749cef53db/orjson-3.9.15-cp311-cp311-musllinux_1_2_aarch64.whl", hash = "sha256:71c6b009d431b3839d7c14c3af86788b3cfac41e969e3e1c22f8a6ea13139404", size = 316924 },
    { url = "https://files.pythonhosted.org/packages/6b/dc/15ec16eb0b50153b6a27aa598bc0c3488dfd6147070f79927c1153d3bf78/orjson-3.9.15-cp311-cp311-musllinux_1_2_x86_64.whl", hash = "sha256:e18668f1bd39e69b7fed19fa7cd1cd110a121ec25439328b5c89934e6d30d357", size = 310851 },
    { url = "https://files.pythonhosted.org/packages/bc/c5/df712ef4e3ab71eb8ea54b554315995ce6617db1d1eb2810ef02f4beea2f/orjson-3.9.15-cp311-none-win32.whl", hash = "sha256:62482873e0289cf7313461009bf62ac8b2e54bc6f00c6fabcde785709231a5d7", size = 141649 },
    { url = "https://files.pythonhosted.org/packages/8c/37/3623de71a63c2182f121d9efba488ad606a9934d2f4ba3df51baf428fe96/orjson-3.9.15-cp311-none-win_amd64.whl", hash = "sha256:b3d336ed75d17c7b1af233a6561cf421dee41d9204aa3cfcc6c9c65cd5bb69a8", size = 136043 },
    { url = "https://files.pythonhosted.org/packages/88/21/61d2c6654eb21aea26ebef5c52a07f05150a23adb9b262a8c47d14734294/orjson-3.9.15-cp312-cp312-macosx_10_15_x86_64.macosx_11_0_arm64.macosx_10_15_universal2.whl", hash = "sha256:82425dd5c7bd3adfe4e94c78e27e2fa02971750c2b7ffba648b0f5d5cc016a73", size = 248747 },
    { url = "https://files.pythonhosted.org/packages/80/dc/d8fc078d73ff620de84b6dc93e099e243ac9b0f187aaf412b3215b1ee092/orjson-3.9.15-cp312-cp312-manylinux_2_17_aarch64.manylinux2014_aarch64.whl", hash = "sha256:2c51378d4a8255b2e7c1e5cc430644f0939539deddfa77f6fac7b56a9784160a", size = 144396 },
    { url = "https://files.pythonhosted.org/packages/c9/0d/1c7f78ec17ac24dbaf5566f6b87d38d4e72a72d3922bd41aab3baa7c024b/orjson-3.9.15-cp312-cp312-manylinux_2_17_armv7l.manylinux2014_armv7l.whl", hash = "sha256:6ae4e06be04dc00618247c4ae3f7c3e561d5bc19ab6941427f6d3722a0875ef7", size = 132395 },
    { url = "https://files.pythonhosted.org/packages/bc/7b/134695e9004cb2273327217008884f439f9dc89e09f4f4c278ca20466740/orjson-3.9.15-cp312-cp312-manylinux_2_17_ppc64le.manylinux2014_ppc64le.whl", hash = "sha256:bcef128f970bb63ecf9a65f7beafd9b55e3aaf0efc271a4154050fc15cdb386e", size = 160696 },
    { url = "https://files.pythonhosted.org/packages/6b/5b/06b55590e75849049e8ffb811548693db4ecb1403129694c048d383f207c/orjson-3.9.15-cp312-cp312-manylinux_2_17_s390x.manylinux2014_s390x.whl", hash = "sha256:b72758f3ffc36ca566ba98a8e7f4f373b6c17c646ff8ad9b21ad10c29186f00d", size = 155145 },
    { url = "https://files.pythonhosted.org/packages/6a/3a/225b65664b7de15cf706eda6ab65cb23e8f59c274d4457c4eeaa2d510980/orjson-3.9.15-cp312-cp312-manylinux_2_17_x86_64.manylinux2014_x86_64.whl", hash = "sha256:10c57bc7b946cf2efa67ac55766e41764b66d40cbd9489041e637c1304400494", size = 138729 },
    { url = "https://files.pythonhosted.org/packages/2f/f6/7b0dab06f5707e1edf2d5e0bb66f0054de16c55c35272385d4177a77d7ea/orjson-3.9.15-cp312-cp312-musllinux_1_2_aarch64.whl", hash = "sha256:946c3a1ef25338e78107fba746f299f926db408d34553b4754e90a7de1d44068", size = 316910 },
    { url = "https://files.pythonhosted.org/packages/ea/05/524b2ef2614c40cb85d9cb742cb02fa5749c1e40c601b6e853602e982c70/orjson-3.9.15-cp312-cp312-musllinux_1_2_x86_64.whl", hash = "sha256:2f256d03957075fcb5923410058982aea85455d035607486ccb847f095442bda", size = 311056 },
    { url = "https://files.pythonhosted.org/packages/f8/c5/56e9a842afd65f76babe87b574c1597a090f0a4c860ec6d723527823b669/orjson-3.9.15-cp312-none-win_amd64.whl", hash = "sha256:5bb399e1b49db120653a31463b4a7b27cf2fbfe60469546baf681d1b39f4edf2", size = 136147 },
    { url = "https://files.pythonhosted.org/packages/18/f1/f6c80cf1b11a855cb0dfe8821ca0400a78e33f3f95b4e003b1dee7edd562/orjson-3.9.15-cp39-cp39-macosx_10_15_x86_64.macosx_11_0_arm64.macosx_10_15_universal2.whl", hash = "sha256:6fc2fe4647927070df3d93f561d7e588a38865ea0040027662e3e541d592811e", size = 248229 },
    { url = "https://files.pythonhosted.org/packages/fe/e9/4f0ecca6d5c8656d43eb01b10358bf6953fda8ea3735b59ccc145238ba28/orjson-3.9.15-cp39-cp39-manylinux_2_17_aarch64.manylinux2014_aarch64.whl", hash = "sha256:34cbcd216e7af5270f2ffa63a963346845eb71e174ea530867b7443892d77180", size = 144240 },
    { url = "https://files.pythonhosted.org/packages/0b/7a/8b219434bcd439dc0f0dce7380c9c6e8e7362eab364ca8256549a621ad1e/orjson-3.9.15-cp39-cp39-manylinux_2_17_armv7l.manylinux2014_armv7l.whl", hash = "sha256:f541587f5c558abd93cb0de491ce99a9ef8d1ae29dd6ab4dbb5a13281ae04cbd", size = 132139 },
    { url = "https://files.pythonhosted.org/packages/b1/74/0182e57b93bc8709cfcacc69fd8e5527c1f525f3a6efe5ab414dae81cd02/orjson-3.9.15-cp39-cp39-manylinux_2_17_ppc64le.manylinux2014_ppc64le.whl", hash = "sha256:92255879280ef9c3c0bcb327c5a1b8ed694c290d61a6a532458264f887f052cb", size = 160339 },
    { url = "https://files.pythonhosted.org/packages/40/f0/1ead77476c9f0315a7eaad57a2719d9d67bb3b6dbbb1732bd6749e968134/orjson-3.9.15-cp39-cp39-manylinux_2_17_s390x.manylinux2014_s390x.whl", hash = "sha256:05a1f57fb601c426635fcae9ddbe90dfc1ed42245eb4c75e4960440cac667262", size = 154918 },
    { url = "https://files.pythonhosted.org/packages/6f/4a/38233fa85b8dc47cead4b1b9a4ed39266ed0a30cd6cda14cddb285b0c315/orjson-3.9.15-cp39-cp39-manylinux_2_17_x86_64.manylinux2014_x86_64.whl", hash = "sha256:ede0bde16cc6e9b96633df1631fbcd66491d1063667f260a4f2386a098393790", size = 138367 },
    { url = "https://files.pythonhosted.org/packages/ce/e3/0e8152cd512ab2ecd69acc748dd7713e1d7ce358d5f99d52d164e7d80767/orjson-3.9.15-cp39-cp39-musllinux_1_2_aarch64.whl", hash = "sha256:e88b97ef13910e5f87bcbc4dd7979a7de9ba8702b54d3204ac587e83639c0c2b", size = 316748 },
    { url = "https://files.pythonhosted.org/packages/2f/d1/e983fc1c5bb732e8863208aac399881546544eeef73d92510c69b4056f5a/orjson-3.9.15-cp39-cp39-musllinux_1_2_x86_64.whl", hash = "sha256:57d5d8cf9c27f7ef6bc56a5925c7fbc76b61288ab674eb352c26ac780caa5b10", size = 310700 },
    { url = "https://files.pythonhosted.org/packages/52/d9/b1ea164d7592623b9c340dc9c7812d3b7129b66888a0b311e02a437048d6/orjson-3.9.15-cp39-none-win32.whl", hash = "sha256:001f4eb0ecd8e9ebd295722d0cbedf0748680fb9998d3993abaed2f40587257a", size = 141501 },
    { url = "https://files.pythonhosted.org/packages/8a/2e/ded4df9b0474fe2a152fadb2044818268e610abfcb0e4652b07c3a6a1646/orjson-3.9.15-cp39-none-win_amd64.whl", hash = "sha256:ea0b183a5fe6b2b45f3b854b0d19c4e932d6f5934ae1f723b07cf9560edd4ec7", size = 135899 },
]

[[package]]
name = "pfzy"
version = "0.3.4"
source = { registry = "https://pypi.org/simple" }
sdist = { url = "https://files.pythonhosted.org/packages/d9/5a/32b50c077c86bfccc7bed4881c5a2b823518f5450a30e639db5d3711952e/pfzy-0.3.4.tar.gz", hash = "sha256:717ea765dd10b63618e7298b2d98efd819e0b30cd5905c9707223dceeb94b3f1", size = 8396 }
wheels = [
    { url = "https://files.pythonhosted.org/packages/8c/d7/8ff98376b1acc4503253b685ea09981697385ce344d4e3935c2af49e044d/pfzy-0.3.4-py3-none-any.whl", hash = "sha256:5f50d5b2b3207fa72e7ec0ef08372ef652685470974a107d0d4999fc5a903a96", size = 8537 },
]

[[package]]
name = "prompt-toolkit"
version = "3.0.48"
source = { registry = "https://pypi.org/simple" }
dependencies = [
    { name = "wcwidth" },
]
sdist = { url = "https://files.pythonhosted.org/packages/2d/4f/feb5e137aff82f7c7f3248267b97451da3644f6cdc218edfe549fb354127/prompt_toolkit-3.0.48.tar.gz", hash = "sha256:d6623ab0477a80df74e646bdbc93621143f5caf104206aa29294d53de1a03d90", size = 424684 }
wheels = [
    { url = "https://files.pythonhosted.org/packages/a9/6a/fd08d94654f7e67c52ca30523a178b3f8ccc4237fce4be90d39c938a831a/prompt_toolkit-3.0.48-py3-none-any.whl", hash = "sha256:f49a827f90062e411f1ce1f854f2aedb3c23353244f8108b89283587397ac10e", size = 386595 },
]

[[package]]
name = "robyn"
version = "0.64.2"
source = { registry = "https://pypi.org/simple" }
dependencies = [
    { name = "inquirerpy" },
    { name = "multiprocess" },
    { name = "nestd" },
    { name = "orjson" },
    { name = "rustimport" },
    { name = "uvloop", marker = "platform_machine != 'armv7l' and platform_python_implementation == 'CPython' and sys_platform != 'win32'" },
    { name = "watchdog" },
]
sdist = { url = "https://files.pythonhosted.org/packages/bc/c6/ae56353aaed2cff19eaca5658083523525ace4eacc9d3e8328c0c43f82b8/robyn-0.64.2.tar.gz", hash = "sha256:0a9d0a1a61bddb580f742dd70a52abe46b0e2ada07d4acfac8c601722f4082a7", size = 4283923 }
wheels = [
    { url = "https://files.pythonhosted.org/packages/b8/ff/b12d29075afe2ceb3e89e67cadc7effbea16811184fd094f89d7ad27b927/robyn-0.64.2-cp310-cp310-macosx_10_7_x86_64.whl", hash = "sha256:c1028ec2f839eb51b8233da4209aacefb3d9935eb5fd846259d7c975da2aeb5a", size = 1666802 },
    { url = "https://files.pythonhosted.org/packages/46/9b/a510d464b0fb90818ac465f7c2693755e5b6a031335eb12c5d6dbf9c2591/robyn-0.64.2-cp310-cp310-macosx_10_9_x86_64.macosx_11_0_arm64.macosx_10_9_universal2.whl", hash = "sha256:09748cc6cecbd98d69cf703fc267c718b1e13ac392d64ad7e9fc21967440e770", size = 3147912 },
    { url = "https://files.pythonhosted.org/packages/ff/50/0a6d4b00b67022fc938b82a4575b66c6bffa0a8e676d503994cfc99a7761/robyn-0.64.2-cp310-cp310-manylinux_2_17_aarch64.manylinux2014_aarch64.whl", hash = "sha256:9a397a5f06b8632cc8876852d366bb181088bce570b6d5e7f3c909b5e20a8389", size = 1665786 },
    { url = "https://files.pythonhosted.org/packages/2a/c3/5f18c17e817d93feaa1fad50d0870d97f0acb2037417a5f875ca01bb973d/robyn-0.64.2-cp310-cp310-manylinux_2_17_armv7l.manylinux2014_armv7l.whl", hash = "sha256:a2e876f7fda2256209012d3a94a83107f7d385b27a5397fd0b35d4ca221ea8bf", size = 1712702 },
    { url = "https://files.pythonhosted.org/packages/1b/3d/e19439d85afecfa00f811e408e9f392d71914d0c38bc57b818b1b154cf32/robyn-0.64.2-cp310-cp310-manylinux_2_17_i686.manylinux2014_i686.whl", hash = "sha256:0345246056785534328c8029355cfcb508e8d9e288700232180c24a7b5639ec3", size = 1830707 },
    { url = "https://files.pythonhosted.org/packages/e0/ab/68be4a4c61da74fe7538054b5aa8262cb6cdffc155ccb9f9f0d067bb1a2c/robyn-0.64.2-cp310-cp310-manylinux_2_17_x86_64.manylinux2014_x86_64.whl", hash = "sha256:1d4d6f95fdf369552bdf555920b50409860e80f9857b5a0d9cf1e46afd113e6c", size = 1803258 },
    { url = "https://files.pythonhosted.org/packages/fe/4a/63b1bfa8ea8f26abfa573d1d66f8aa4f20b9a2e88b4943431fcda68b1564/robyn-0.64.2-cp310-none-win32.whl", hash = "sha256:f7f1d609c120b2f2c6a7f4bbe715cb8b20bbdac401637547b2495507204f4fcd", size = 1610555 },
    { url = "https://files.pythonhosted.org/packages/20/e5/ec2aae26e453bbda845893eab46c7d0bbcb50b15d7e5d1762fd468f7150a/robyn-0.64.2-cp310-none-win_amd64.whl", hash = "sha256:0649352e4e7c276f75bed2f578443da37b679f6a013b187d7ba77f808a366027", size = 1670356 },
    { url = "https://files.pythonhosted.org/packages/12/82/83f41ea483c434cb6bbcde732224321880ae52be41d89612e5da7080962b/robyn-0.64.2-cp311-cp311-macosx_10_7_x86_64.whl", hash = "sha256:d1926f1f07af10478fca003bac849a3989115bf853bde6dcb1fad59e0685c982", size = 1666828 },
    { url = "https://files.pythonhosted.org/packages/45/c1/76d0cdbc908b68021464d0590f89cf8077491c59086b5853b37f6110c81d/robyn-0.64.2-cp311-cp311-macosx_10_9_x86_64.macosx_11_0_arm64.macosx_10_9_universal2.whl", hash = "sha256:c1b4b2793be1cae97c3a4dd750c9722a1b36564ba228e083f3d5b79e48d9ce94", size = 3147947 },
    { url = "https://files.pythonhosted.org/packages/a9/08/bbb971541818caa533594cebe53fcd419ffeb56b0dc8438f26ecc64ffc3e/robyn-0.64.2-cp311-cp311-manylinux_2_17_aarch64.manylinux2014_aarch64.whl", hash = "sha256:315f8c11df8ddf9dda4ed63fad8f45cefaafe1e5be17bc3d3e10aef536cb7766", size = 1665832 },
    { url = "https://files.pythonhosted.org/packages/2a/c6/1051f43566791e821c33cc915bb67a83ffc126605f98e827a2ee5a9c974c/robyn-0.64.2-cp311-cp311-manylinux_2_17_armv7l.manylinux2014_armv7l.whl", hash = "sha256:2ee6c7432ac56dd34ae037469ed0df67e41ce356e9293556d894cc392626b983", size = 1712723 },
    { url = "https://files.pythonhosted.org/packages/d5/f0/a9c5df2b3123094d17b347cdb3795f89032ceed1a8b1e2d7a0ea9c0e8ebe/robyn-0.64.2-cp311-cp311-manylinux_2_17_i686.manylinux2014_i686.whl", hash = "sha256:d222c73cfca9a0595eb64e6a5b700b70b3e9c62d4eed1f480b91d8ca9a073551", size = 1830757 },
    { url = "https://files.pythonhosted.org/packages/e1/02/b4ecbb7376b383fea0140ae0f4ad5611ee59e96cb8c75267ceecd349fb8c/robyn-0.64.2-cp311-cp311-manylinux_2_17_x86_64.manylinux2014_x86_64.whl", hash = "sha256:24eaea81c7aaaf137b8e1427502a7ca3eabcb3710e89e68a2af08551f0493eeb", size = 1803350 },
    { url = "https://files.pythonhosted.org/packages/17/bc/b74acab5f0bad4c8882b5cedb2b9233ff18e87a2389f319523e38fd4055f/robyn-0.64.2-cp311-none-win32.whl", hash = "sha256:1cc8125706936f45fc6e4897234fd0a740f0de30ec1b79657706905e99376f04", size = 1610598 },
    { url = "https://files.pythonhosted.org/packages/35/ad/33803df4452c633b0c0c24da882b3ec42093ab420f7181d56871ebe48b63/robyn-0.64.2-cp311-none-win_amd64.whl", hash = "sha256:5eb32f72b3d22497624c08fa325b18702014399e978242e2d9614269e5a6f525", size = 1670247 },
    { url = "https://files.pythonhosted.org/packages/4c/55/40d7c69447f35aa2e3187efcd2d7622eaaaf8f033401aa1912d280231f38/robyn-0.64.2-cp312-cp312-macosx_10_7_x86_64.whl", hash = "sha256:91f30b8ad8c7b4c89f7080d927ee92960778210d892460e45cf652c740c7781d", size = 1665966 },
    { url = "https://files.pythonhosted.org/packages/6e/07/777364db668707dcb1b7ffd1f70efb1d26953da64cea790e056af0ab8244/robyn-0.64.2-cp312-cp312-macosx_10_9_x86_64.macosx_11_0_arm64.macosx_10_9_universal2.whl", hash = "sha256:d144d2772934831321d3497f5e28655848ee4f6645d07f39789105ea35e4fc49", size = 3147156 },
    { url = "https://files.pythonhosted.org/packages/01/9c/1d0ea9595700562c1beae089afb22098abab82cd19b84d49a49d3c69e468/robyn-0.64.2-cp312-cp312-manylinux_2_17_aarch64.manylinux2014_aarch64.whl", hash = "sha256:4bedde966cdaee540e2211ca7f7aafcceac0d8c1f3e49484f0d2b397b31a5ae2", size = 1665562 },
    { url = "https://files.pythonhosted.org/packages/33/12/abdcee43b6514fe35680dfb2462ce4e657e46fe8f9e8e098fd5c2e6b4e11/robyn-0.64.2-cp312-cp312-manylinux_2_17_armv7l.manylinux2014_armv7l.whl", hash = "sha256:a5a00bf8f71a9e7748a9b4d52f15da4917c9fdd12e75df4839d5f42f6eb6d995", size = 1712690 },
    { url = "https://files.pythonhosted.org/packages/e1/4a/ca8ce6e1a2ea4eea96c87c96f531ae244b8bf075258b8fd6c1b1f31dbdd3/robyn-0.64.2-cp312-cp312-manylinux_2_17_i686.manylinux2014_i686.whl", hash = "sha256:934db513f402618a420d664d824be2eb5e5a67220e636c033eb13cf20a87da80", size = 1831317 },
    { url = "https://files.pythonhosted.org/packages/2f/c3/b905db308cef3fe2f79994ee53dffb8c871479ae113a881060bb7873f426/robyn-0.64.2-cp312-cp312-manylinux_2_17_x86_64.manylinux2014_x86_64.whl", hash = "sha256:0905a412f50ad5ff361d3fd9fbb927b5909436322e8b665dca5ee58d5e6b1c30", size = 1803391 },
    { url = "https://files.pythonhosted.org/packages/b9/91/5eef7d24029dcada8853ec3f3544c13cc0ed74133df0943c845cbcc866c6/robyn-0.64.2-cp312-none-win32.whl", hash = "sha256:0f4b14356fcf3b8592b3d0f4e8407565ee1abfca33eabd002a85ebf4fe12adef", size = 1610095 },
    { url = "https://files.pythonhosted.org/packages/f5/72/6d85fa74f0f2d1913015231689685383548d7a6a60da133a1abd16c0046c/robyn-0.64.2-cp312-none-win_amd64.whl", hash = "sha256:bd6f5ad47a34b57cd5a275a8522e38d778f88bd48ce982bd07c403be38ec2ac6", size = 1670900 },
    { url = "https://files.pythonhosted.org/packages/ca/00/298fa0960fcc185c1f64a98dbfa77af5bcff46fadbc5bb00220e3ea1d628/robyn-0.64.2-cp39-cp39-macosx_10_7_x86_64.whl", hash = "sha256:8a7bdd8a6d3bd59f02993311c3cffc5838e2a6388dd76c07b8eb9ad6201ae0f4", size = 1667084 },
    { url = "https://files.pythonhosted.org/packages/34/8f/a2e59a77f03d2413b5d831c6605579c5a8599d4786d961bd53b0f1a70d9f/robyn-0.64.2-cp39-cp39-macosx_10_9_x86_64.macosx_11_0_arm64.macosx_10_9_universal2.whl", hash = "sha256:99904bf53681d97fa06b3fec429ac1d7eed1b5c6e0b97e867ebec2ad4468e546", size = 3148224 },
    { url = "https://files.pythonhosted.org/packages/58/a4/715123c8ffc524e100474fb15ee4344808e4f5c325cadf7389a019d65da3/robyn-0.64.2-cp39-cp39-manylinux_2_17_aarch64.manylinux2014_aarch64.whl", hash = "sha256:4a05e628114b2d8a42bdd78c10aa228cbe7a6f070a91ad0db8e01c10ea6700e9", size = 1665866 },
    { url = "https://files.pythonhosted.org/packages/ef/b8/63b8c9fd592ae10b67a66ad34af3c1c73ca169fc953ea8d243fbcfa47c6b/robyn-0.64.2-cp39-cp39-manylinux_2_17_armv7l.manylinux2014_armv7l.whl", hash = "sha256:f43a6775bfd9f215d90a619abf6c3aa6d9cd40d310a51e1455716e92e4286e51", size = 1712860 },
    { url = "https://files.pythonhosted.org/packages/89/33/149408f2c6396654f5fb9057ee5f859297d694b7e4817d28587f8e03e0a2/robyn-0.64.2-cp39-cp39-manylinux_2_17_i686.manylinux2014_i686.whl", hash = "sha256:95c1cef85774d6270d766233fa16136d0495475c45d883dc0d14763137f17427", size = 1831115 },
    { url = "https://files.pythonhosted.org/packages/a3/b3/a0b6e81576ae0a80dffce85a0c2aeb606d4f21043b1b2273e42f66b75377/robyn-0.64.2-cp39-cp39-manylinux_2_17_x86_64.manylinux2014_x86_64.whl", hash = "sha256:131cfb4ffaf2e9debc56f0a12f18797e25f251c49536b25019441d8e683bec53", size = 1803384 },
    { url = "https://files.pythonhosted.org/packages/b8/f1/1e6e728f62d31b96c752f8a5c96f110f7ac82d2beb86c6c7f24b58ae09a8/robyn-0.64.2-cp39-none-win32.whl", hash = "sha256:dbf4704dc53eb4e06cf915764a191de508fe795466b2f758d5387dedcf48e286", size = 1610714 },
    { url = "https://files.pythonhosted.org/packages/3c/c4/4557ff14fd0800f542b834dfd7e4cd93012daabaf231468b531612e05922/robyn-0.64.2-cp39-none-win_amd64.whl", hash = "sha256:ab7830534571f7a4815f03fb07b08d8b1d00f31521db7e8cffc744c4cf90f0bb", size = 1670540 },
]

[[package]]
name = "rustimport"
version = "1.3.4"
source = { registry = "https://pypi.org/simple" }
dependencies = [
    { name = "toml" },
]
sdist = { url = "https://files.pythonhosted.org/packages/95/83/090f4be41dfbfd120a5fe0ed82b1857083bafe0928e876480d72a63e8bf3/rustimport-1.3.4.tar.gz", hash = "sha256:ba80e3c28af07ba3910ad395613d01f9e421bfb59fbb1ac050e2b5d9b78b4980", size = 28817 }
wheels = [
    { url = "https://files.pythonhosted.org/packages/5d/e6/376cc02c6ec2dd29de14225bd322ea742b0b864c05c62abe40208ce64ebd/rustimport-1.3.4-py3-none-any.whl", hash = "sha256:f2b931ff4e0fa931028066a7dacaae449b1a4601fe7a553c35f3dd63aba97ce0", size = 26341 },
]

[[package]]
name = "toml"
version = "0.10.2"
source = { registry = "https://pypi.org/simple" }
sdist = { url = "https://files.pythonhosted.org/packages/be/ba/1f744cdc819428fc6b5084ec34d9b30660f6f9daaf70eead706e3203ec3c/toml-0.10.2.tar.gz", hash = "sha256:b3bda1d108d5dd99f4a20d24d9c348e91c4db7ab1b749200bded2f839ccbe68f", size = 22253 }
wheels = [
    { url = "https://files.pythonhosted.org/packages/44/6f/7120676b6d73228c96e17f1f794d8ab046fc910d781c8d151120c3f1569e/toml-0.10.2-py2.py3-none-any.whl", hash = "sha256:806143ae5bfb6a3c6e736a764057db0e6a0e05e338b5630894a5f779cabb4f9b", size = 16588 },
]

[[package]]
name = "uvloop"
version = "0.19.0"
source = { registry = "https://pypi.org/simple" }
sdist = { url = "https://files.pythonhosted.org/packages/9c/16/728cc5dde368e6eddb299c5aec4d10eaf25335a5af04e8c0abd68e2e9d32/uvloop-0.19.0.tar.gz", hash = "sha256:0246f4fd1bf2bf702e06b0d45ee91677ee5c31242f39aab4ea6fe0c51aedd0fd", size = 2318492 }
wheels = [
    { url = "https://files.pythonhosted.org/packages/36/c2/27bf858a576b1fa35b5c2c2029c8cec424a8789e87545ed2f25466d1f21d/uvloop-0.19.0-cp310-cp310-macosx_10_9_universal2.whl", hash = "sha256:de4313d7f575474c8f5a12e163f6d89c0a878bc49219641d49e6f1444369a90e", size = 1443484 },
    { url = "https://files.pythonhosted.org/packages/4e/35/05b6064b93f4113412d1fd92bdcb6018607e78ae94d1712e63e533f9b2fa/uvloop-0.19.0-cp310-cp310-macosx_10_9_x86_64.whl", hash = "sha256:5588bd21cf1fcf06bded085f37e43ce0e00424197e7c10e77afd4bbefffef428", size = 793850 },
    { url = "https://files.pythonhosted.org/packages/aa/56/b62ab4e10458ce96bb30c98d327c127f989d3bb4ef899e4c410c739f7ef6/uvloop-0.19.0-cp310-cp310-manylinux_2_17_aarch64.manylinux2014_aarch64.whl", hash = "sha256:7b1fd71c3843327f3bbc3237bedcdb6504fd50368ab3e04d0410e52ec293f5b8", size = 3418601 },
    { url = "https://files.pythonhosted.org/packages/ab/ed/12729fba5e3b7e02ee70b3ea230b88e60a50375cf63300db22607694d2f0/uvloop-0.19.0-cp310-cp310-manylinux_2_17_x86_64.manylinux2014_x86_64.whl", hash = "sha256:5a05128d315e2912791de6088c34136bfcdd0c7cbc1cf85fd6fd1bb321b7c849", size = 3416731 },
    { url = "https://files.pythonhosted.org/packages/a2/23/80381a2d728d2a0c36e2eef202f5b77428990004d8fbdd3865558ff49fa5/uvloop-0.19.0-cp310-cp310-musllinux_1_1_aarch64.whl", hash = "sha256:cd81bdc2b8219cb4b2556eea39d2e36bfa375a2dd021404f90a62e44efaaf957", size = 4128572 },
    { url = "https://files.pythonhosted.org/packages/6b/23/1ee41a15e1ad15182e2bd12cbfd37bcb6802f01d6bbcaddf6ca136cbb308/uvloop-0.19.0-cp310-cp310-musllinux_1_1_x86_64.whl", hash = "sha256:5f17766fb6da94135526273080f3455a112f82570b2ee5daa64d682387fe0dcd", size = 4129235 },
    { url = "https://files.pythonhosted.org/packages/41/2a/608ad69f27f51280098abee440c33e921d3ad203e2c86f7262e241e49c99/uvloop-0.19.0-cp311-cp311-macosx_10_9_universal2.whl", hash = "sha256:4ce6b0af8f2729a02a5d1575feacb2a94fc7b2e983868b009d51c9a9d2149bef", size = 1357681 },
    { url = "https://files.pythonhosted.org/packages/13/00/d0923d66d80c8717983493a4d7af747ce47f1c2147d82df057a846ba6bff/uvloop-0.19.0-cp311-cp311-macosx_10_9_x86_64.whl", hash = "sha256:31e672bb38b45abc4f26e273be83b72a0d28d074d5b370fc4dcf4c4eb15417d2", size = 746421 },
    { url = "https://files.pythonhosted.org/packages/1f/c7/e494c367b0c6e6453f9bed5a78548f5b2ff49add36302cd915a91d347d88/uvloop-0.19.0-cp311-cp311-manylinux_2_17_aarch64.manylinux2014_aarch64.whl", hash = "sha256:570fc0ed613883d8d30ee40397b79207eedd2624891692471808a95069a007c1", size = 3481000 },
    { url = "https://files.pythonhosted.org/packages/86/cc/1829b3f740e4cb1baefff8240a1c6fc8db9e3caac7b93169aec7d4386069/uvloop-0.19.0-cp311-cp311-manylinux_2_17_x86_64.manylinux2014_x86_64.whl", hash = "sha256:5138821e40b0c3e6c9478643b4660bd44372ae1e16a322b8fc07478f92684e24", size = 3476361 },
    { url = "https://files.pythonhosted.org/packages/7a/4c/ca87e8f5a30629ffa2038c20907c8ab455c5859ff10e810227b76e60d927/uvloop-0.19.0-cp311-cp311-musllinux_1_1_aarch64.whl", hash = "sha256:91ab01c6cd00e39cde50173ba4ec68a1e578fee9279ba64f5221810a9e786533", size = 4169571 },
    { url = "https://files.pythonhosted.org/packages/d2/a9/f947a00c47b1c87c937cac2423243a41ba08f0fb76d04eb0d1d170606e0a/uvloop-0.19.0-cp311-cp311-musllinux_1_1_x86_64.whl", hash = "sha256:47bf3e9312f63684efe283f7342afb414eea4d3011542155c7e625cd799c3b12", size = 4170459 },
    { url = "https://files.pythonhosted.org/packages/85/57/6736733bb0e86a4b5380d04082463b289c0baecaa205934ba81e8a1d5ea4/uvloop-0.19.0-cp312-cp312-macosx_10_9_universal2.whl", hash = "sha256:da8435a3bd498419ee8c13c34b89b5005130a476bda1d6ca8cfdde3de35cd650", size = 1355376 },
    { url = "https://files.pythonhosted.org/packages/eb/0c/51339463da912ed34b48d470538d98a91660749b2db56902f23db9b42fdd/uvloop-0.19.0-cp312-cp312-macosx_10_9_x86_64.whl", hash = "sha256:02506dc23a5d90e04d4f65c7791e65cf44bd91b37f24cfc3ef6cf2aff05dc7ec", size = 745031 },
    { url = "https://files.pythonhosted.org/packages/e6/fc/f0daaf19f5b2116a2d26eb9f98c4a45084aea87bf03c33bcca7aa1ff36e5/uvloop-0.19.0-cp312-cp312-manylinux_2_17_aarch64.manylinux2014_aarch64.whl", hash = "sha256:2693049be9d36fef81741fddb3f441673ba12a34a704e7b4361efb75cf30befc", size = 4077630 },
    { url = "https://files.pythonhosted.org/packages/fd/96/fdc318ffe82ae567592b213ec2fcd8ecedd927b5da068cf84d56b28c51a4/uvloop-0.19.0-cp312-cp312-manylinux_2_17_x86_64.manylinux2014_x86_64.whl", hash = "sha256:7010271303961c6f0fe37731004335401eb9075a12680738731e9c92ddd96ad6", size = 4159957 },
    { url = "https://files.pythonhosted.org/packages/71/bc/092068ae7fc16dcf20f3e389126ba7800cee75ffba83f78bf1d167aee3cd/uvloop-0.19.0-cp312-cp312-musllinux_1_1_aarch64.whl", hash = "sha256:5daa304d2161d2918fa9a17d5635099a2f78ae5b5960e742b2fcfbb7aefaa593", size = 4014951 },
    { url = "https://files.pythonhosted.org/packages/a6/f2/6ce1e73933eb038c89f929e26042e64b2cb8d4453410153eed14918ca9a8/uvloop-0.19.0-cp312-cp312-musllinux_1_1_x86_64.whl", hash = "sha256:7207272c9520203fea9b93843bb775d03e1cf88a80a936ce760f60bb5add92f3", size = 4100911 },
    { url = "https://files.pythonhosted.org/packages/1e/f9/8de4d58175c7a5cf3731fcfc43e7fb93e0972a098bffdc926507f02cd655/uvloop-0.19.0-cp39-cp39-macosx_10_9_universal2.whl", hash = "sha256:13dfdf492af0aa0a0edf66807d2b465607d11c4fa48f4a1fd41cbea5b18e8e8b", size = 1471152 },
    { url = "https://files.pythonhosted.org/packages/0f/7f/6497008441376686f962a57de57897654ebd9c80f993b619ab57bc4ae61d/uvloop-0.19.0-cp39-cp39-macosx_10_9_x86_64.whl", hash = "sha256:6e3d4e85ac060e2342ff85e90d0c04157acb210b9ce508e784a944f852a40e67", size = 808497 },
    { url = "https://files.pythonhosted.org/packages/fe/4d/199e8c6e4a810b60cc012f9dc34fcf4df0e93d927de75ce4ed54a4d36274/uvloop-0.19.0-cp39-cp39-manylinux_2_17_aarch64.manylinux2014_aarch64.whl", hash = "sha256:8ca4956c9ab567d87d59d49fa3704cf29e37109ad348f2d5223c9bf761a332e7", size = 3520312 },
    { url = "https://files.pythonhosted.org/packages/04/58/4d12d24220f2bf2c3125c74431035ddd7a461f9732a01cd5bd12f177370e/uvloop-0.19.0-cp39-cp39-manylinux_2_17_x86_64.manylinux2014_x86_64.whl", hash = "sha256:f467a5fd23b4fc43ed86342641f3936a68ded707f4627622fa3f82a120e18256", size = 3529552 },
    { url = "https://files.pythonhosted.org/packages/84/8d/3e23cb85cc2c12918a6d7585fdf50a05c69191a4969881e22e0eebcbf686/uvloop-0.19.0-cp39-cp39-musllinux_1_1_aarch64.whl", hash = "sha256:492e2c32c2af3f971473bc22f086513cedfc66a130756145a931a90c3958cb17", size = 4195068 },
    { url = "https://files.pythonhosted.org/packages/12/9d/f1d263d49f1909914bcec5d5608d2f819c109b08bf06e67a2ff072e82d81/uvloop-0.19.0-cp39-cp39-musllinux_1_1_x86_64.whl", hash = "sha256:2df95fca285a9f5bfe730e51945ffe2fa71ccbfdde3b0da5772b4ee4f2e770d5", size = 4189373 },
]

[[package]]
name = "watchdog"
version = "4.0.1"
source = { registry = "https://pypi.org/simple" }
sdist = { url = "https://files.pythonhosted.org/packages/1b/f9/b01e4632aed9a6ecc2b3e501feffd3af5aa0eb4e3b0283fc9525bf503c38/watchdog-4.0.1.tar.gz", hash = "sha256:eebaacf674fa25511e8867028d281e602ee6500045b57f43b08778082f7f8b44", size = 126583 }
wheels = [
    { url = "https://files.pythonhosted.org/packages/bb/51/11f6d62e07434849e47ab0ff90679443bd19c568118fbe47a1094ebcdca8/watchdog-4.0.1-cp310-cp310-macosx_10_9_universal2.whl", hash = "sha256:da2dfdaa8006eb6a71051795856bedd97e5b03e57da96f98e375682c48850645", size = 101628 },
    { url = "https://files.pythonhosted.org/packages/1a/3f/4a4e866d69051d1144cbc5ebc11cdb5367b66d7ed6022bff1c7c927c3c1a/watchdog-4.0.1-cp310-cp310-macosx_10_9_x86_64.whl", hash = "sha256:e93f451f2dfa433d97765ca2634628b789b49ba8b504fdde5837cdcf25fdb53b", size = 92462 },
    { url = "https://files.pythonhosted.org/packages/3e/a5/65044f27764c6c93c7698a2a117ddb888a55a69222da3d6fe20c39cc087c/watchdog-4.0.1-cp310-cp310-macosx_11_0_arm64.whl", hash = "sha256:ef0107bbb6a55f5be727cfc2ef945d5676b97bffb8425650dadbb184be9f9a2b", size = 92952 },
    { url = "https://files.pythonhosted.org/packages/1c/bc/a1ce8b77eede5a2f4fbcdc923079eb85b7c6e0f5e366ad06661b4dd807e1/watchdog-4.0.1-cp311-cp311-macosx_10_9_universal2.whl", hash = "sha256:17e32f147d8bf9657e0922c0940bcde863b894cd871dbb694beb6704cfbd2fb5", size = 101627 },
    { url = "https://files.pythonhosted.org/packages/c2/84/9c66fb603bb683fe559ceeba8f3d5dbea3293b631b2eba319d7d47a2d7fb/watchdog-4.0.1-cp311-cp311-macosx_10_9_x86_64.whl", hash = "sha256:03e70d2df2258fb6cb0e95bbdbe06c16e608af94a3ffbd2b90c3f1e83eb10767", size = 92464 },
    { url = "https://files.pythonhosted.org/packages/5a/a5/72b9557e77ac3e6c41816fb16f643069b17cf21f745d26e2931cb1bf136c/watchdog-4.0.1-cp311-cp311-macosx_11_0_arm64.whl", hash = "sha256:123587af84260c991dc5f62a6e7ef3d1c57dfddc99faacee508c71d287248459", size = 92953 },
    { url = "https://files.pythonhosted.org/packages/f3/d1/85c1f5841190ee1e39f4a8a01df6eb13b44bd366060fc735505a38613484/watchdog-4.0.1-cp312-cp312-macosx_10_9_universal2.whl", hash = "sha256:093b23e6906a8b97051191a4a0c73a77ecc958121d42346274c6af6520dec175", size = 101708 },
    { url = "https://files.pythonhosted.org/packages/a9/eb/8d1f9150dd5e86082913ab15d4fd4bea436186845be1b1752efd19b020d1/watchdog-4.0.1-cp312-cp312-macosx_10_9_x86_64.whl", hash = "sha256:611be3904f9843f0529c35a3ff3fd617449463cb4b73b1633950b3d97fa4bfb7", size = 92508 },
    { url = "https://files.pythonhosted.org/packages/52/67/62eea67ef31214ea4867b97351ea4f6b3a52dd1c4c93360ff8ad6e4ad72f/watchdog-4.0.1-cp312-cp312-macosx_11_0_arm64.whl", hash = "sha256:62c613ad689ddcb11707f030e722fa929f322ef7e4f18f5335d2b73c61a85c28", size = 92977 },
    { url = "https://files.pythonhosted.org/packages/23/cd/c9eba46749e703476d65d6292d6f6de1be776315b9106f3fa42998ff6844/watchdog-4.0.1-cp39-cp39-macosx_10_9_universal2.whl", hash = "sha256:c9904904b6564d4ee8a1ed820db76185a3c96e05560c776c79a6ce5ab71888ba", size = 101625 },
    { url = "https://files.pythonhosted.org/packages/d4/4f/26652a5fdc0510e1c6c4a85b1dafc9e463c0db5bf74b166c0cd086e96b08/watchdog-4.0.1-cp39-cp39-macosx_10_9_x86_64.whl", hash = "sha256:667f3c579e813fcbad1b784db7a1aaa96524bed53437e119f6a2f5de4db04235", size = 92456 },
    { url = "https://files.pythonhosted.org/packages/cc/08/2d2460ccea7dd8a70a0096aec93d5f5dbb0305e5bbbf9c913d2d2360ac68/watchdog-4.0.1-cp39-cp39-macosx_11_0_arm64.whl", hash = "sha256:d10a681c9a1d5a77e75c48a3b8e1a9f2ae2928eda463e8d33660437705659682", size = 92955 },
    { url = "https://files.pythonhosted.org/packages/72/59/04de07819896f834fc35d031a8d840516ada8ac7b1cefccd62b0ed8f4fc9/watchdog-4.0.1-pp310-pypy310_pp73-macosx_10_9_x86_64.whl", hash = "sha256:0144c0ea9997b92615af1d94afc0c217e07ce2c14912c7b1a5731776329fcfc7", size = 91884 },
    { url = "https://files.pythonhosted.org/packages/45/17/3e3b159ed0b5d9456d34420c8d0262e8dd0d7bd92cbf83f811a4ee03ca9b/watchdog-4.0.1-pp310-pypy310_pp73-macosx_11_0_arm64.whl", hash = "sha256:998d2be6976a0ee3a81fb8e2777900c28641fb5bfbd0c84717d89bca0addcdc5", size = 92319 },
    { url = "https://files.pythonhosted.org/packages/3a/76/0c36f7097022470aa9fb9d090052970834f91e08b199c52791ca9772d156/watchdog-4.0.1-pp39-pypy39_pp73-macosx_10_9_x86_64.whl", hash = "sha256:bca36be5707e81b9e6ce3208d92d95540d4ca244c006b61511753583c81c70dd", size = 91877 },
    { url = "https://files.pythonhosted.org/packages/60/34/31d20941af7ddd1ebb13b5349d8e0bafee164f024a025152aa43c690b2c9/watchdog-4.0.1-pp39-pypy39_pp73-macosx_11_0_arm64.whl", hash = "sha256:ab998f567ebdf6b1da7dc1e5accfaa7c6992244629c0fdaef062f43249bd8dee", size = 92317 },
    { url = "https://files.pythonhosted.org/packages/3a/36/28ce38b960f2bf1e1be573d85e8127c9ac66b4de63a7bef3f61b3f77ce57/watchdog-4.0.1-py3-none-manylinux2014_aarch64.whl", hash = "sha256:dddba7ca1c807045323b6af4ff80f5ddc4d654c8bce8317dde1bd96b128ed253", size = 83011 },
    { url = "https://files.pythonhosted.org/packages/05/7b/efc5b4134c97f08b161faa703327cde3fe647c5c48c156fde0c343471095/watchdog-4.0.1-py3-none-manylinux2014_armv7l.whl", hash = "sha256:4513ec234c68b14d4161440e07f995f231be21a09329051e67a2118a7a612d2d", size = 83009 },
    { url = "https://files.pythonhosted.org/packages/c3/bb/1fac328ba90ea091ef04e7bdefe638a933076530d802c1b1cf1f03fe7e89/watchdog-4.0.1-py3-none-manylinux2014_i686.whl", hash = "sha256:4107ac5ab936a63952dea2a46a734a23230aa2f6f9db1291bf171dac3ebd53c6", size = 83011 },
    { url = "https://files.pythonhosted.org/packages/ce/df/c8719022af772d9f75f1c49af453a48a785a45295bca1ce4f3f55b9923af/watchdog-4.0.1-py3-none-manylinux2014_ppc64.whl", hash = "sha256:6e8c70d2cd745daec2a08734d9f63092b793ad97612470a0ee4cbb8f5f705c57", size = 83012 },
    { url = "https://files.pythonhosted.org/packages/b0/d5/7285d52e7a7ffce2ae0b21a98dbbed345bcb227672a4268eb26d046d8d41/watchdog-4.0.1-py3-none-manylinux2014_ppc64le.whl", hash = "sha256:f27279d060e2ab24c0aa98363ff906d2386aa6c4dc2f1a374655d4e02a6c5e5e", size = 83011 },
    { url = "https://files.pythonhosted.org/packages/2a/09/4b07dc8dd1a9f67a7acfbc084f26fc35ee8a2e4feeb0a2c98fe9a1ef196c/watchdog-4.0.1-py3-none-manylinux2014_s390x.whl", hash = "sha256:f8affdf3c0f0466e69f5b3917cdd042f89c8c63aebdb9f7c078996f607cdb0f5", size = 83009 },
    { url = "https://files.pythonhosted.org/packages/24/01/a4034a94a5f1828eb050230e7cf13af3ac23cf763512b6afe008d3def97c/watchdog-4.0.1-py3-none-manylinux2014_x86_64.whl", hash = "sha256:ac7041b385f04c047fcc2951dc001671dee1b7e0615cde772e84b01fbf68ee84", size = 83012 },
    { url = "https://files.pythonhosted.org/packages/8f/5e/c0d7dad506adedd584188578901871fe923abf6c0c5dc9e79d9be5c7c24e/watchdog-4.0.1-py3-none-win32.whl", hash = "sha256:206afc3d964f9a233e6ad34618ec60b9837d0582b500b63687e34011e15bb429", size = 82996 },
    { url = "https://files.pythonhosted.org/packages/85/e0/2a9f43008902427b5f074c497705d6ef8f815c85d4bc25fbf83f720a6159/watchdog-4.0.1-py3-none-win_amd64.whl", hash = "sha256:7577b3c43e5909623149f76b099ac49a1a01ca4e167d1785c76eb52fa585745a", size = 83002 },
    { url = "https://files.pythonhosted.org/packages/db/54/23e5845ef68e1817b3792b2a11fb2088d7422814d41af8186d9058c4ff07/watchdog-4.0.1-py3-none-win_ia64.whl", hash = "sha256:d7b9f5f3299e8dd230880b6c55504a1f69cf1e4316275d1b215ebdd8187ec88d", size = 83002 },
]

[[package]]
name = "wcwidth"
version = "0.2.13"
source = { registry = "https://pypi.org/simple" }
sdist = { url = "https://files.pythonhosted.org/packages/6c/63/53559446a878410fc5a5974feb13d31d78d752eb18aeba59c7fef1af7598/wcwidth-0.2.13.tar.gz", hash = "sha256:72ea0c06399eb286d978fdedb6923a9eb47e1c486ce63e9b4e64fc18303972b5", size = 101301 }
wheels = [
    { url = "https://files.pythonhosted.org/packages/fd/84/fd2ba7aafacbad3c4201d395674fc6348826569da3c0937e75505ead3528/wcwidth-0.2.13-py2.py3-none-any.whl", hash = "sha256:3da69048e4540d84af32131829ff948f1e022c1c6bdb8d6102117aac784f6859", size = 34166 },
]
